
Microsoft Visual Studio Solution File, Format Version 12.00
# Visual Studio Version 17
VisualStudioVersion = 17.1.32210.238
MinimumVisualStudioVersion = 10.0.40219.1
Project("{9A19103F-16F7-4668-BE54-9A1E7A4F7556}") = "WebApiLab.Dal", "WebApiLab.DAL\WebApiLab.Dal.csproj", "{AA817749-03BD-47DF-A847-84856B4B2B82}"
EndProject
Project("{9A19103F-16F7-4668-BE54-9A1E7A4F7556}") = "WebApiLab.Bll", "WebApiLab.BLL\WebApiLab.Bll.csproj", "{8F376D98-9FF5-4241-8FCF-2F2B50CBFB66}"
EndProject
Global
	GlobalSection(SolutionConfigurationPlatforms) = preSolution
		Debug|Any CPU = Debug|Any CPU
		Release|Any CPU = Release|Any CPU
	EndGlobalSection
	GlobalSection(ProjectConfigurationPlatforms) = postSolution
		{AA817749-03BD-47DF-A847-84856B4B2B82}.Debug|Any CPU.ActiveCfg = Debug|Any CPU
		{AA817749-03BD-47DF-A847-84856B4B2B82}.Debug|Any CPU.Build.0 = Debug|Any CPU
		{AA817749-03BD-47DF-A847-84856B4B2B82}.Release|Any CPU.ActiveCfg = Release|Any CPU
		{AA817749-03BD-47DF-A847-84856B4B2B82}.Release|Any CPU.Build.0 = Release|Any CPU
		{8F376D98-9FF5-4241-8FCF-2F2B50CBFB66}.Debug|Any CPU.ActiveCfg = Debug|Any CPU
		{8F376D98-9FF5-4241-8FCF-2F2B50CBFB66}.Debug|Any CPU.Build.0 = Debug|Any CPU
		{8F376D98-9FF5-4241-8FCF-2F2B50CBFB66}.Release|Any CPU.ActiveCfg = Release|Any CPU
		{8F376D98-9FF5-4241-8FCF-2F2B50CBFB66}.Release|Any CPU.Build.0 = Release|Any CPU
	EndGlobalSection
	GlobalSection(SolutionProperties) = preSolution
		HideSolutionNode = FALSE
	EndGlobalSection
	GlobalSection(ExtensibilityGlobals) = postSolution
		SolutionGuid = {487B943D-D160-4A7C-8110-BA8624CEA3B1}
	EndGlobalSection
EndGlobal
